// !$*UTF8*$!
{
	archiveVersion = 1;
	classes = {
	};
	objectVersion = 50;
	objects = {

/* Begin PBXBuildFile section */
		CE6ADCE5234B5E5F007F2EA6 /* AppDelegate.swift in Sources */ = {isa = PBXBuildFile; fileRef = CE6ADCE4234B5E5F007F2EA6 /* AppDelegate.swift */; };
		CE6ADCE7234B5E5F007F2EA6 /* ViewController.swift in Sources */ = {isa = PBXBuildFile; fileRef = CE6ADCE6234B5E5F007F2EA6 /* ViewController.swift */; };
		CE6ADCEA234B5E5F007F2EA6 /* Main.storyboard in Resources */ = {isa = PBXBuildFile; fileRef = CE6ADCE8234B5E5F007F2EA6 /* Main.storyboard */; };
		CE6ADCEC234B5E63007F2EA6 /* Assets.xcassets in Resources */ = {isa = PBXBuildFile; fileRef = CE6ADCEB234B5E63007F2EA6 /* Assets.xcassets */; };
		CE6ADCEF234B5E63007F2EA6 /* LaunchScreen.storyboard in Resources */ = {isa = PBXBuildFile; fileRef = CE6ADCED234B5E63007F2EA6 /* LaunchScreen.storyboard */; };
		CE6ADCF7234B5E87007F2EA6 /* 01.png in Resources */ = {isa = PBXBuildFile; fileRef = CE6ADCF6234B5E87007F2EA6 /* 01.png */; };
/* End PBXBuildFile section */

/* Begin PBXFileReference section */
		CE6ADCE1234B5E5E007F2EA6 /* Chapter12-1.app */ = {isa = PBXFileReference; explicitFileType = wrapper.application; includeInIndex = 0; path = "Chapter12-1.app"; sourceTree = BUILT_PRODUCTS_DIR; };
		CE6ADCE4234B5E5F007F2EA6 /* AppDelegate.swift */ = {isa = PBXFileReference; lastKnownFileType = sourcecode.swift; path = AppDelegate.swift; sourceTree = "<group>"; };
		CE6ADCE6234B5E5F007F2EA6 /* ViewController.swift */ = {isa = PBXFileReference; lastKnownFileType = sourcecode.swift; path = ViewController.swift; sourceTree = "<group>"; };
		CE6ADCE9234B5E5F007F2EA6 /* Base */ = {isa = PBXFileReference; lastKnownFileType = file.storyboard; name = Base; path = Base.lproj/Main.storyboard; sourceTree = "<group>"; };
		CE6ADCEB234B5E63007F2EA6 /* Assets.xcassets */ = {isa = PBXFileReference; lastKnownFileType = folder.assetcatalog; path = Assets.xcassets; sourceTree = "<group>"; };
		CE6ADCEE234B5E63007F2EA6 /* Base */ = {isa = PBXFileReference; lastKnownFileType = file.storyboard; name = Base; path = Base.lproj/LaunchScreen.storyboard; sourceTree = "<group>"; };
		CE6ADCF0234B5E63007F2EA6 /* Info.plist */ = {isa = PBXFileReference; lastKnownFileType = text.plist.xml; path = Info.plist; sourceTree = "<group>"; };
		CE6ADCF6234B5E87007F2EA6 /* 01.png */ = {isa = PBXFileReference; lastKnownFileType = image.png; path = 01.png; sourceTree = "<group>"; };
/* End PBXFileReference section */

/* Begin PBXFrameworksBuildPhase section */
		CE6ADCDE234B5E5E007F2EA6 /* Frameworks */ = {
			isa = PBXFrameworksBuildPhase;
			buildActionMask = 2147483647;
			files = (
			);
			runOnlyForDeploymentPostprocessing = 0;
		};
/* End PBXFrameworksBuildPhase section */

/* Begin PBXGroup section */
		CE6ADCD8234B5E5E007F2EA6 = {
			isa = PBXGroup;
			children = (
				CE6ADCE3234B5E5E007F2EA6 /* Chapter12-1 */,
				CE6ADCE2234B5E5E007F2EA6 /* Products */,
			);
			sourceTree = "<group>";
		};
		CE6ADCE2234B5E5E007F2EA6 /* Products */ = {
			isa = PBXGroup;
			children = (
				CE6ADCE1234B5E5E007F2EA6 /* Chapter12-1.app */,
			);
			name = Products;
			sourceTree = "<group>";
		};
		CE6ADCE3234B5E5E007F2EA6 /* Chapter12-1 */ = {
			isa = PBXGroup;
			children = (
				CE6ADCF6234B5E87007F2EA6 /* 01.png */,
				CE6ADCE4234B5E5F007F2EA6 /* AppDelegate.swift */,
				CE6ADCE6234B5E5F007F2EA6 /* ViewController.swift */,
				CE6ADCE8234B5E5F007F2EA6 /* Main.storyboard */,
				CE6ADCEB234B5E63007F2EA6 /* Assets.xcassets */,
				CE6ADCED234B5E63007F2EA6 /* LaunchScreen.storyboard */,
				CE6ADCF0234B5E63007F2EA6 /* Info.plist */,
			);
			path = "Chapter12-1";
			sourceTree = "<group>";
		};
/* End PBXGroup section */

/* Begin PBXNativeTarget section */
		CE6ADCE0234B5E5E007F2EA6 /* Chapter12-1 */ = {
			isa = PBXNativeTarget;
			buildConfigurationList = CE6ADCF3234B5E63007F2EA6 /* Build configuration list for PBXNativeTarget "Chapter12-1" */;
			buildPhases = (
				CE6ADCDD234B5E5E007F2EA6 /* Sources */,
				CE6ADCDE234B5E5E007F2EA6 /* Frameworks */,
				CE6ADCDF234B5E5E007F2EA6 /* Resources */,
			);
			buildRules = (
			);
			dependencies = (
			);
			name = "Chapter12-1";
			productName = "Chapter12-1";
			productReference = CE6ADCE1234B5E5E007F2EA6 /* Chapter12-1.app */;
			productType = "com.apple.product-type.application";
		};
/* End PBXNativeTarget section */

/* Begin PBXProject section */
		CE6ADCD9234B5E5E007F2EA6 /* Project object */ = {
			isa = PBXProject;
			attributes = {
				LastSwiftUpdateCheck = 1010;
				LastUpgradeCheck = 1010;
				ORGANIZATIONNAME = KHJ;
				TargetAttributes = {
					CE6ADCE0234B5E5E007F2EA6 = {
						CreatedOnToolsVersion = 10.1;
					};
				};
			};
			buildConfigurationList = CE6ADCDC234B5E5E007F2EA6 /* Build configuration list for PBXProject "Chapter12-1" */;
			compatibilityVersion = "Xcode 9.3";
			developmentRegion = en;
			hasScannedForEncodings = 0;
			knownRegions = (
				en,
				Base,
			);
			mainGroup = CE6ADCD8234B5E5E007F2EA6;
			productRefGroup = CE6ADCE2234B5E5E007F2EA6 /* Products */;
			projectDirPath = "";
			projectRoot = "";
			targets = (
				CE6ADCE0234B5E5E007F2EA6 /* Chapter12-1 */,
			);
		};
/* End PBXProject section */

/* Begin PBXResourcesBuildPhase section */
		CE6ADCDF234B5E5E007F2EA6 /* Resources */ = {
			isa = PBXResourcesBuildPhase;
			buildActionMask = 2147483647;
			files = (
				CE6ADCEF234B5E63007F2EA6 /* LaunchScreen.storyboard in Resources */,
				CE6ADCEC234B5E63007F2EA6 /* Assets.xcassets in Resources */,
				CE6ADCF7234B5E87007F2EA6 /* 01.png in Resources */,
				CE6ADCEA234B5E5F007F2EA6 /* Main.storyboard in Resources */,
			);
			runOnlyForDeploymentPostprocessing = 0;
		};
/* End PBXResourcesBuildPhase section */

/* Begin PBXSourcesBuildPhase section */
		CE6ADCDD234B5E5E007F2EA6 /* Sources */ = {
			isa = PBXSourcesBuildPhase;
			buildActionMask = 2147483647;
			files = (
				CE6ADCE7234B5E5F007F2EA6 /* ViewController.swift in Sources */,
				CE6ADCE5234B5E5F007F2EA6 /* AppDelegate.swift in Sources */,
			);
			runOnlyForDeploymentPostprocessing = 0;
		};
/* End PBXSourcesBuildPhase section */

/* Begin PBXVariantGroup section */
		CE6ADCE8234B5E5F007F2EA6 /* Main.storyboard */ = {
			isa = PBXVariantGroup;
			children = (
				CE6ADCE9234B5E5F007F2EA6 /* Base */,
			);
			name = Main.storyboard;
			sourceTree = "<group>";
		};
		CE6ADCED234B5E63007F2EA6 /* LaunchScreen.storyboard */ = {
			isa = PBXVariantGroup;
			children = (
				CE6ADCEE234B5E63007F2EA6 /* Base */,
			);
			name = LaunchScreen.storyboard;
			sourceTree = "<group>";
		};
/* End PBXVariantGroup section */

/* Begin XCBuildConfiguration section */
		CE6ADCF1234B5E63007F2EA6 /* Debug */ = {
			isa = XCBuildConfiguration;
			buildSettings = {
				ALWAYS_SEARCH_USER_PATHS = NO;
				CLANG_ANALYZER_NONNULL = YES;
				CLANG_ANALYZER_NUMBER_OBJECT_CONVERSION = YES_AGGRESSIVE;
				CLANG_CXX_LANGUAGE_STANDARD = "gnu++14";
				CLANG_CXX_LIBRARY = "libc++";
				CLANG_ENABLE_MODULES = YES;
				CLANG_ENABLE_OBJC_ARC = YES;
				CLANG_ENABLE_OBJC_WEAK = YES;
				CLANG_WARN_BLOCK_CAPTURE_AUTORELEASING = YES;
				CLANG_WARN_BOOL_CONVERSION = YES;
				CLANG_WARN_COMMA = YES;
				CLANG_WARN_CONSTANT_CONVERSION = YES;
				CLANG_WARN_DEPRECATED_OBJC_IMPLEMENTATIONS = YES;
				CLANG_WARN_DIRECT_OBJC_ISA_USAGE = YES_ERROR;
				CLANG_WARN_DOCUMENTATION_COMMENTS = YES;
				CLANG_WARN_EMPTY_BODY = YES;
				CLANG_WARN_ENUM_CONVERSION = YES;
				CLANG_WARN_INFINITE_RECURSION = YES;
				CLANG_WARN_INT_CONVERSION = YES;
				CLANG_WARN_NON_LITERAL_NULL_CONVERSION = YES;
				CLANG_WARN_OBJC_IMPLICIT_RETAIN_SELF = YES;
				CLANG_WARN_OBJC_LITERAL_CONVERSION = YES;
				CLANG_WARN_OBJC_ROOT_CLASS = YES_ERROR;
				CLANG_WARN_RANGE_LOOP_ANALYSIS = YES;
				CLANG_WARN_STRICT_PROTOTYPES = YES;
				CLANG_WARN_SUSPICIOUS_MOVE = YES;
				CLANG_WARN_UNGUARDED_AVAILABILITY = YES_AGGRESSIVE;
				CLANG_WARN_UNREACHABLE_CODE = YES;
				CLANG_WARN__DUPLICATE_METHOD_MATCH = YES;
				CODE_SIGN_IDENTITY = "iPhone Developer";
				COPY_PHASE_STRIP = NO;
				DEBUG_INFORMATION_FORMAT = dwarf;
				ENABLE_STRICT_OBJC_MSGSEND = YES;
				ENABLE_TESTABILITY = YES;
				GCC_C_LANGUAGE_STANDARD = gnu11;
				GCC_DYNAMIC_NO_PIC = NO;
				GCC_NO_COMMON_BLOCKS = YES;
				GCC_OPTIMIZATION_LEVEL = 0;
				GCC_PREPROCESSOR_DEFINITIONS = (
					"DEBUG=1",
					"$(inherited)",
				);
				GCC_WARN_64_TO_32_BIT_CONVERSION = YES;
				GCC_WARN_ABOUT_RETURN_TYPE = YES_ERROR;
				GCC_WARN_UNDECLARED_SELECTOR = YES;
				GCC_WARN_UNINITIALIZED_AUTOS = YES_AGGRESSIVE;
				GCC_WARN_UNUSED_FUNCTION = YES;
				GCC_WARN_UNUSED_VARIABLE = YES;
				IPHONEOS_DEPLOYMENT_TARGET = 12.1;
				MTL_ENABLE_DEBUG_INFO = INCLUDE_SOURCE;
				MTL_FAST_MATH = YES;
				ONLY_ACTIVE_ARCH = YES;
				SDKROOT = iphoneos;
				SWIFT_ACTIVE_COMPILATION_CONDITIONS = DEBUG;
				SWIFT_OPTIMIZATION_LEVEL = "-Onone";
			};
			name = Debug;
		};
		CE6ADCF2234B5E63007F2EA6 /* Release */ = {
			isa = XCBuildConfiguration;
			buildSettings = {
				ALWAYS_SEARCH_USER_PATHS = NO;
				CLANG_ANALYZER_NONNULL = YES;
				CLANG_ANALYZER_NUMBER_OBJECT_CONVERSION = YES_AGGRESSIVE;
				CLANG_CXX_LANGUAGE_STANDARD = "gnu++14";
				CLANG_CXX_LIBRARY = "libc++";
				CLANG_ENABLE_MODULES = YES;
				CLANG_ENABLE_OBJC_ARC = YES;
				CLANG_ENABLE_OBJC_WEAK = YES;
				CLANG_WARN_BLOCK_CAPTURE_AUTORELEASING = YES;
				CLANG_WARN_BOOL_CONVERSION = YES;
				CLANG_WARN_COMMA = YES;
				CLANG_WARN_CONSTANT_CONVERSION = YES;
				CLANG_WARN_DEPRECATED_OBJC_IMPLEMENTATIONS = YES;
				CLANG_WARN_DIRECT_OBJC_ISA_USAGE = YES_ERROR;
				CLANG_WARN_DOCUMENTATION_COMMENTS = YES;
				CLANG_WARN_EMPTY_BODY = YES;
				CLANG_WARN_ENUM_CONVERSION = YES;
				CLANG_WARN_INFINITE_RECURSION = YES;
				CLANG_WARN_INT_CONVERSION = YES;
				CLANG_WARN_NON_LITERAL_NULL_CONVERSION = YES;
				CLANG_WARN_OBJC_IMPLICIT_RETAIN_SELF = YES;
				CLANG_WARN_OBJC_LITERAL_CONVERSION = YES;
				CLANG_WARN_OBJC_ROOT_CLASS = YES_ERROR;
				CLANG_WARN_RANGE_LOOP_ANALYSIS = YES;
				CLANG_WARN_STRICT_PROTOTYPES = YES;
				CLANG_WARN_SUSPICIOUS_MOVE = YES;
				CLANG_WARN_UNGUARDED_AVAILABILITY = YES_AGGRESSIVE;
				CLANG_WARN_UNREACHABLE_CODE = YES;
				CLANG_WARN__DUPLICATE_METHOD_MATCH = YES;
				CODE_SIGN_IDENTITY = "iPhone Developer";
				COPY_PHASE_STRIP = NO;
				DEBUG_INFORMATION_FORMAT = "dwarf-with-dsym";
				ENABLE_NS_ASSERTIONS = NO;
				ENABLE_STRICT_OBJC_MSGSEND = YES;
				GCC_C_LANGUAGE_STANDARD = gnu11;
				GCC_NO_COMMON_BLOCKS = YES;
				GCC_WARN_64_TO_32_BIT_CONVERSION = YES;
				GCC_WARN_ABOUT_RETURN_TYPE = YES_ERROR;
				GCC_WARN_UNDECLARED_SELECTOR = YES;
				GCC_WARN_UNINITIALIZED_AUTOS = YES_AGGRESSIVE;
				GCC_WARN_UNUSED_FUNCTION = YES;
				GCC_WARN_UNUSED_VARIABLE = YES;
				IPHONEOS_DEPLOYMENT_TARGET = 12.1;
				MTL_ENABLE_DEBUG_INFO = NO;
				MTL_FAST_MATH = YES;
				SDKROOT = iphoneos;
				SWIFT_COMPILATION_MODE = wholemodule;
				SWIFT_OPTIMIZATION_LEVEL = "-O";
				VALIDATE_PRODUCT = YES;
			};
			name = Release;
		};
		CE6ADCF4234B5E63007F2EA6 /* Debug */ = {
			isa = XCBuildConfiguration;
			buildSettings = {
				ASSETCATALOG_COMPILER_APPICON_NAME = AppIcon;
				CODE_SIGN_STYLE = Automatic;
				INFOPLIST_FILE = "Chapter12-1/Info.plist";
				LD_RUNPATH_SEARCH_PATHS = (
					"$(inherited)",
					"@executable_path/Frameworks",
				);
				PRODUCT_BUNDLE_IDENTIFIER = "swift.Chapter12-1";
				PRODUCT_NAME = "$(TARGET_NAME)";
				SWIFT_VERSION = 4.2;
				TARGETED_DEVICE_FAMILY = "1,2";
			};
			name = Debug;
		};
		CE6ADCF5234B5E63007F2EA6 /* Release */ = {
			isa = XCBuildConfiguration;
			buildSettings = {
				ASSETCATALOG_COMPILER_APPICON_NAME = AppIcon;
				CODE_SIGN_STYLE = Automatic;
				INFOPLIST_FILE = "Chapter12-1/Info.plist";
				LD_RUNPATH_SEARCH_PATHS = (
					"$(inherited)",
					"@executable_path/Frameworks",
				);
				PRODUCT_BUNDLE_IDENTIFIER = "swift.Chapter12-1";
				PRODUCT_NAME = "$(TARGET_NAME)";
				SWIFT_VERSION = 4.2;
				TARGETED_DEVICE_FAMILY = "1,2";
			};
			name = Release;
		};
/* End XCBuildConfiguration section */

/* Begin XCConfigurationList section */
		CE6ADCDC234B5E5E007F2EA6 /* Build configuration list for PBXProject "Chapter12-1" */ = {
			isa = XCConfigurationList;
			buildConfigurations = (
				CE6ADCF1234B5E63007F2EA6 /* Debug */,
				CE6ADCF2234B5E63007F2EA6 /* Release */,
			);
			defaultConfigurationIsVisible = 0;
			defaultConfigurationName = Release;
		};
		CE6ADCF3234B5E63007F2EA6 /* Build configuration list for PBXNativeTarget "Chapter12-1" */ = {
			isa = XCConfigurationList;
			buildConfigurations = (
				CE6ADCF4234B5E63007F2EA6 /* Debug */,
				CE6ADCF5234B5E63007F2EA6 /* Release */,
			);
			defaultConfigurationIsVisible = 0;
			defaultConfigurationName = Release;
		};
/* End XCConfigurationList section */
	};
	rootObject = CE6ADCD9234B5E5E007F2EA6 /* Project object */;
}
